# This file is automatically @generated by Cargo.
# It is not intended for manual editing.
version = 4

[[package]]
name = "layerx-cosmwasm-context-reference"
version = "0.1.0"
dependencies = [
 "layerx-porting-cosmwasm-guest",
 "layerx-program-sdk",
]

[[package]]
name = "layerx-porting-cosmwasm-guest"
version = "0.1.0"
dependencies = [
 "layerx-program-sdk",
]

[[package]]
name = "layerx-program-sdk"
version = "0.1.0"
