# This file is automatically @generated by Cargo.
# It is not intended for manual editing.
version = 4

[[package]]
name = "layerx-agent-api"
version = "0.1.0"
dependencies = [
 "layerx-client",
 "layerx-types",
]

[[package]]
name = "layerx-agentd"
version = "0.1.0"
dependencies = [
 "layerx-agent-api",
 "layerx-client",
 "layerx-types",
]

[[package]]
name = "layerx-client"
version = "0.1.0"
dependencies = [
 "layerx-proof",
 "layerx-types",
 "layerx-wire",
]

[[package]]
name = "layerx-crypto"
version = "0.1.0"
dependencies = [
 "layerx-types",
 "layerx-wire",
]

[[package]]
name = "layerx-mcp"
version = "0.1.0"
dependencies = [
 "layerx-agent-api",
 "layerx-agentd",
 "layerx-types",
]

[[package]]
name = "layerx-proof"
version = "0.1.0"
dependencies = [
 "layerx-crypto",
 "layerx-types",
 "layerx-wire",
]

[[package]]
name = "layerx-sdk"
version = "0.1.0"
dependencies = [
 "layerx-agent-api",
 "layerx-client",
 "layerx-types",
]

[[package]]
name = "layerx-types"
version = "0.1.0"

[[package]]
name = "layerx-wire"
version = "0.1.0"
dependencies = [
 "layerx-types",
]
